
Microsoft Visual Studio Solution File, Format Version 12.00
Project("{FAE04EC0-301F-11D3-BF4B-00C04F79EFBC}") = "CredentialsValidator", "CredentialsValidator\CredentialsValidator.csproj", "{D63F8C5C-5F1F-4779-AAF1-D89A467671BA}"
EndProject
Project("{FAE04EC0-301F-11D3-BF4B-00C04F79EFBC}") = "CredentialsValidator.Test", "CredentialsValidator.Test\CredentialsValidator.Test.csproj", "{CF1CC4F9-7FDD-4644-B70C-38508AD17BA0}"
EndProject
Global
	GlobalSection(SolutionConfigurationPlatforms) = preSolution
		Debug|Any CPU = Debug|Any CPU
		Release|Any CPU = Release|Any CPU
	EndGlobalSection
	GlobalSection(ProjectConfigurationPlatforms) = postSolution
		{D63F8C5C-5F1F-4779-AAF1-D89A467671BA}.Debug|Any CPU.ActiveCfg = Debug|Any CPU
		{D63F8C5C-5F1F-4779-AAF1-D89A467671BA}.Debug|Any CPU.Build.0 = Debug|Any CPU
		{D63F8C5C-5F1F-4779-AAF1-D89A467671BA}.Release|Any CPU.ActiveCfg = Release|Any CPU
		{D63F8C5C-5F1F-4779-AAF1-D89A467671BA}.Release|Any CPU.Build.0 = Release|Any CPU
		{CF1CC4F9-7FDD-4644-B70C-38508AD17BA0}.Debug|Any CPU.ActiveCfg = Debug|Any CPU
		{CF1CC4F9-7FDD-4644-B70C-38508AD17BA0}.Debug|Any CPU.Build.0 = Debug|Any CPU
		{CF1CC4F9-7FDD-4644-B70C-38508AD17BA0}.Release|Any CPU.ActiveCfg = Release|Any CPU
		{CF1CC4F9-7FDD-4644-B70C-38508AD17BA0}.Release|Any CPU.Build.0 = Release|Any CPU
	EndGlobalSection
EndGlobal
